// !$*UTF8*$!
{
	archiveVersion = 1;
	classes = {
	};
	objectVersion = 46;
	objects = {

/* Begin PBXBuildFile section */
		454186D81EDD66F40067F244 /* AppDelegate.swift in Sources */ = {isa = PBXBuildFile; fileRef = 454186D71EDD66F40067F244 /* AppDelegate.swift */; };
		454186DE1EDD66F40067F244 /* GameScene.swift in Sources */ = {isa = PBXBuildFile; fileRef = 454186DD1EDD66F40067F244 /* GameScene.swift */; };
		454186E01EDD66F40067F244 /* GameViewController.swift in Sources */ = {isa = PBXBuildFile; fileRef = 454186DF1EDD66F40067F244 /* GameViewController.swift */; };
		454186E31EDD66F40067F244 /* Main.storyboard in Resources */ = {isa = PBXBuildFile; fileRef = 454186E11EDD66F40067F244 /* Main.storyboard */; };
		454186E51EDD66F40067F244 /* Assets.xcassets in Resources */ = {isa = PBXBuildFile; fileRef = 454186E41EDD66F40067F244 /* Assets.xcassets */; };
		454186E81EDD66F40067F244 /* LaunchScreen.storyboard in Resources */ = {isa = PBXBuildFile; fileRef = 454186E61EDD66F40067F244 /* LaunchScreen.storyboard */; };
		454186F31EDD66F40067F244 /* mane_zombi_uteTests.swift in Sources */ = {isa = PBXBuildFile; fileRef = 454186F21EDD66F40067F244 /* mane_zombi_uteTests.swift */; };
		454186FE1EDD66F50067F244 /* mane_zombi_uteUITests.swift in Sources */ = {isa = PBXBuildFile; fileRef = 454186FD1EDD66F50067F244 /* mane_zombi_uteUITests.swift */; };
		4541870C1EDD67310067F244 /* TitleScene.swift in Sources */ = {isa = PBXBuildFile; fileRef = 4541870B1EDD67310067F244 /* TitleScene.swift */; };
		4541870E1EDEA9910067F244 /* Sounds in Resources */ = {isa = PBXBuildFile; fileRef = 4541870D1EDEA9910067F244 /* Sounds */; };
		454187101EE4820B0067F244 /* background.jpg in Resources */ = {isa = PBXBuildFile; fileRef = 4541870F1EE4820B0067F244 /* background.jpg */; };
		454187121EE483780067F244 /* GameScene.sks in Resources */ = {isa = PBXBuildFile; fileRef = 454187111EE483780067F244 /* GameScene.sks */; };
/* End PBXBuildFile section */

/* Begin PBXContainerItemProxy section */
		454186EF1EDD66F40067F244 /* PBXContainerItemProxy */ = {
			isa = PBXContainerItemProxy;
			containerPortal = 454186CC1EDD66F40067F244 /* Project object */;
			proxyType = 1;
			remoteGlobalIDString = 454186D31EDD66F40067F244;
			remoteInfo = mane_zombi_ute;
		};
		454186FA1EDD66F40067F244 /* PBXContainerItemProxy */ = {
			isa = PBXContainerItemProxy;
			containerPortal = 454186CC1EDD66F40067F244 /* Project object */;
			proxyType = 1;
			remoteGlobalIDString = 454186D31EDD66F40067F244;
			remoteInfo = mane_zombi_ute;
		};
/* End PBXContainerItemProxy section */

/* Begin PBXFileReference section */
		454186D41EDD66F40067F244 /* mane_zombi_ute.app */ = {isa = PBXFileReference; explicitFileType = wrapper.application; includeInIndex = 0; path = mane_zombi_ute.app; sourceTree = BUILT_PRODUCTS_DIR; };
		454186D71EDD66F40067F244 /* AppDelegate.swift */ = {isa = PBXFileReference; lastKnownFileType = sourcecode.swift; path = AppDelegate.swift; sourceTree = "<group>"; };
		454186DD1EDD66F40067F244 /* GameScene.swift */ = {isa = PBXFileReference; lastKnownFileType = sourcecode.swift; path = GameScene.swift; sourceTree = "<group>"; };
		454186DF1EDD66F40067F244 /* GameViewController.swift */ = {isa = PBXFileReference; lastKnownFileType = sourcecode.swift; path = GameViewController.swift; sourceTree = "<group>"; };
		454186E21EDD66F40067F244 /* Base */ = {isa = PBXFileReference; lastKnownFileType = file.storyboard; name = Base; path = Base.lproj/Main.storyboard; sourceTree = "<group>"; };
		454186E41EDD66F40067F244 /* Assets.xcassets */ = {isa = PBXFileReference; lastKnownFileType = folder.assetcatalog; path = Assets.xcassets; sourceTree = "<group>"; };
		454186E71EDD66F40067F244 /* Base */ = {isa = PBXFileReference; lastKnownFileType = file.storyboard; name = Base; path = Base.lproj/LaunchScreen.storyboard; sourceTree = "<group>"; };
		454186E91EDD66F40067F244 /* Info.plist */ = {isa = PBXFileReference; lastKnownFileType = text.plist.xml; path = Info.plist; sourceTree = "<group>"; };
		454186EE1EDD66F40067F244 /* mane_zombi_uteTests.xctest */ = {isa = PBXFileReference; explicitFileType = wrapper.cfbundle; includeInIndex = 0; path = mane_zombi_uteTests.xctest; sourceTree = BUILT_PRODUCTS_DIR; };
		454186F21EDD66F40067F244 /* mane_zombi_uteTests.swift */ = {isa = PBXFileReference; lastKnownFileType = sourcecode.swift; path = mane_zombi_uteTests.swift; sourceTree = "<group>"; };
		454186F41EDD66F40067F244 /* Info.plist */ = {isa = PBXFileReference; lastKnownFileType = text.plist.xml; path = Info.plist; sourceTree = "<group>"; };
		454186F91EDD66F40067F244 /* mane_zombi_uteUITests.xctest */ = {isa = PBXFileReference; explicitFileType = wrapper.cfbundle; includeInIndex = 0; path = mane_zombi_uteUITests.xctest; sourceTree = BUILT_PRODUCTS_DIR; };
		454186FD1EDD66F50067F244 /* mane_zombi_uteUITests.swift */ = {isa = PBXFileReference; lastKnownFileType = sourcecode.swift; path = mane_zombi_uteUITests.swift; sourceTree = "<group>"; };
		454186FF1EDD66F50067F244 /* Info.plist */ = {isa = PBXFileReference; lastKnownFileType = text.plist.xml; path = Info.plist; sourceTree = "<group>"; };
		4541870B1EDD67310067F244 /* TitleScene.swift */ = {isa = PBXFileReference; fileEncoding = 4; lastKnownFileType = sourcecode.swift; path = TitleScene.swift; sourceTree = "<group>"; };
		4541870D1EDEA9910067F244 /* Sounds */ = {isa = PBXFileReference; lastKnownFileType = folder; path = Sounds; sourceTree = "<group>"; };
		4541870F1EE4820B0067F244 /* background.jpg */ = {isa = PBXFileReference; lastKnownFileType = image.jpeg; path = background.jpg; sourceTree = "<group>"; };
		454187111EE483780067F244 /* GameScene.sks */ = {isa = PBXFileReference; lastKnownFileType = file.sks; path = GameScene.sks; sourceTree = "<group>"; };
/* End PBXFileReference section */

/* Begin PBXFrameworksBuildPhase section */
		454186D11EDD66F40067F244 /* Frameworks */ = {
			isa = PBXFrameworksBuildPhase;
			buildActionMask = 2147483647;
			files = (
			);
			runOnlyForDeploymentPostprocessing = 0;
		};
		454186EB1EDD66F40067F244 /* Frameworks */ = {
			isa = PBXFrameworksBuildPhase;
			buildActionMask = 2147483647;
			files = (
			);
			runOnlyForDeploymentPostprocessing = 0;
		};
		454186F61EDD66F40067F244 /* Frameworks */ = {
			isa = PBXFrameworksBuildPhase;
			buildActionMask = 2147483647;
			files = (
			);
			runOnlyForDeploymentPostprocessing = 0;
		};
/* End PBXFrameworksBuildPhase section */

/* Begin PBXGroup section */
		454186CB1EDD66F40067F244 = {
			isa = PBXGroup;
			children = (
				454186D61EDD66F40067F244 /* mane_zombi_ute */,
				454186F11EDD66F40067F244 /* mane_zombi_uteTests */,
				454186FC1EDD66F50067F244 /* mane_zombi_uteUITests */,
				454186D51EDD66F40067F244 /* Products */,
			);
			sourceTree = "<group>";
		};
		454186D51EDD66F40067F244 /* Products */ = {
			isa = PBXGroup;
			children = (
				454186D41EDD66F40067F244 /* mane_zombi_ute.app */,
				454186EE1EDD66F40067F244 /* mane_zombi_uteTests.xctest */,
				454186F91EDD66F40067F244 /* mane_zombi_uteUITests.xctest */,
			);
			name = Products;
			sourceTree = "<group>";
		};
		454186D61EDD66F40067F244 /* mane_zombi_ute */ = {
			isa = PBXGroup;
			children = (
				454186D71EDD66F40067F244 /* AppDelegate.swift */,
				454186DD1EDD66F40067F244 /* GameScene.swift */,
				4541870B1EDD67310067F244 /* TitleScene.swift */,
				454186DF1EDD66F40067F244 /* GameViewController.swift */,
				454187111EE483780067F244 /* GameScene.sks */,
				454186E11EDD66F40067F244 /* Main.storyboard */,
				454186E41EDD66F40067F244 /* Assets.xcassets */,
				4541870F1EE4820B0067F244 /* background.jpg */,
				4541870D1EDEA9910067F244 /* Sounds */,
				454186E61EDD66F40067F244 /* LaunchScreen.storyboard */,
				454186E91EDD66F40067F244 /* Info.plist */,
			);
			path = mane_zombi_ute;
			sourceTree = "<group>";
		};
		454186F11EDD66F40067F244 /* mane_zombi_uteTests */ = {
			isa = PBXGroup;
			children = (
				454186F21EDD66F40067F244 /* mane_zombi_uteTests.swift */,
				454186F41EDD66F40067F244 /* Info.plist */,
			);
			path = mane_zombi_uteTests;
			sourceTree = "<group>";
		};
		454186FC1EDD66F50067F244 /* mane_zombi_uteUITests */ = {
			isa = PBXGroup;
			children = (
				454186FD1EDD66F50067F244 /* mane_zombi_uteUITests.swift */,
				454186FF1EDD66F50067F244 /* Info.plist */,
			);
			path = mane_zombi_uteUITests;
			sourceTree = "<group>";
		};
/* End PBXGroup section */

/* Begin PBXNativeTarget section */
		454186D31EDD66F40067F244 /* mane_zombi_ute */ = {
			isa = PBXNativeTarget;
			buildConfigurationList = 454187021EDD66F50067F244 /* Build configuration list for PBXNativeTarget "mane_zombi_ute" */;
			buildPhases = (
				454186D01EDD66F40067F244 /* Sources */,
				454186D11EDD66F40067F244 /* Frameworks */,
				454186D21EDD66F40067F244 /* Resources */,
			);
			buildRules = (
			);
			dependencies = (
			);
			name = mane_zombi_ute;
			productName = mane_zombi_ute;
			productReference = 454186D41EDD66F40067F244 /* mane_zombi_ute.app */;
			productType = "com.apple.product-type.application";
		};
		454186ED1EDD66F40067F244 /* mane_zombi_uteTests */ = {
			isa = PBXNativeTarget;
			buildConfigurationList = 454187051EDD66F50067F244 /* Build configuration list for PBXNativeTarget "mane_zombi_uteTests" */;
			buildPhases = (
				454186EA1EDD66F40067F244 /* Sources */,
				454186EB1EDD66F40067F244 /* Frameworks */,
				454186EC1EDD66F40067F244 /* Resources */,
			);
			buildRules = (
			);
			dependencies = (
				454186F01EDD66F40067F244 /* PBXTargetDependency */,
			);
			name = mane_zombi_uteTests;
			productName = mane_zombi_uteTests;
			productReference = 454186EE1EDD66F40067F244 /* mane_zombi_uteTests.xctest */;
			productType = "com.apple.product-type.bundle.unit-test";
		};
		454186F81EDD66F40067F244 /* mane_zombi_uteUITests */ = {
			isa = PBXNativeTarget;
			buildConfigurationList = 454187081EDD66F50067F244 /* Build configuration list for PBXNativeTarget "mane_zombi_uteUITests" */;
			buildPhases = (
				454186F51EDD66F40067F244 /* Sources */,
				454186F61EDD66F40067F244 /* Frameworks */,
				454186F71EDD66F40067F244 /* Resources */,
			);
			buildRules = (
			);
			dependencies = (
				454186FB1EDD66F40067F244 /* PBXTargetDependency */,
			);
			name = mane_zombi_uteUITests;
			productName = mane_zombi_uteUITests;
			productReference = 454186F91EDD66F40067F244 /* mane_zombi_uteUITests.xctest */;
			productType = "com.apple.product-type.bundle.ui-testing";
		};
/* End PBXNativeTarget section */

/* Begin PBXProject section */
		454186CC1EDD66F40067F244 /* Project object */ = {
			isa = PBXProject;
			attributes = {
				LastSwiftUpdateCheck = 0830;
				LastUpgradeCheck = 0830;
				ORGANIZATIONNAME = "nishi kosei";
				TargetAttributes = {
					454186D31EDD66F40067F244 = {
						CreatedOnToolsVersion = 8.3.2;
						DevelopmentTeam = XFDHD83S56;
						ProvisioningStyle = Automatic;
					};
					454186ED1EDD66F40067F244 = {
						CreatedOnToolsVersion = 8.3.2;
						DevelopmentTeam = XFDHD83S56;
						ProvisioningStyle = Automatic;
						TestTargetID = 454186D31EDD66F40067F244;
					};
					454186F81EDD66F40067F244 = {
						CreatedOnToolsVersion = 8.3.2;
						DevelopmentTeam = XFDHD83S56;
						ProvisioningStyle = Automatic;
						TestTargetID = 454186D31EDD66F40067F244;
					};
				};
			};
			buildConfigurationList = 454186CF1EDD66F40067F244 /* Build configuration list for PBXProject "mane_zombi_ute" */;
			compatibilityVersion = "Xcode 3.2";
			developmentRegion = English;
			hasScannedForEncodings = 0;
			knownRegions = (
				en,
				Base,
			);
			mainGroup = 454186CB1EDD66F40067F244;
			productRefGroup = 454186D51EDD66F40067F244 /* Products */;
			projectDirPath = "";
			projectRoot = "";
			targets = (
				454186D31EDD66F40067F244 /* mane_zombi_ute */,
				454186ED1EDD66F40067F244 /* mane_zombi_uteTests */,
				454186F81EDD66F40067F244 /* mane_zombi_uteUITests */,
			);
		};
/* End PBXProject section */

/* Begin PBXResourcesBuildPhase section */
		454186D21EDD66F40067F244 /* Resources */ = {
			isa = PBXResourcesBuildPhase;
			buildActionMask = 2147483647;
			files = (
				4541870E1EDEA9910067F244 /* Sounds in Resources */,
				454187101EE4820B0067F244 /* background.jpg in Resources */,
				454186E31EDD66F40067F244 /* Main.storyboard in Resources */,
				454186E51EDD66F40067F244 /* Assets.xcassets in Resources */,
				454187121EE483780067F244 /* GameScene.sks in Resources */,
				454186E81EDD66F40067F244 /* LaunchScreen.storyboard in Resources */,
			);
			runOnlyForDeploymentPostprocessing = 0;
		};
		454186EC1EDD66F40067F244 /* Resources */ = {
			isa = PBXResourcesBuildPhase;
			buildActionMask = 2147483647;
			files = (
			);
			runOnlyForDeploymentPostprocessing = 0;
		};
		454186F71EDD66F40067F244 /* Resources */ = {
			isa = PBXResourcesBuildPhase;
			buildActionMask = 2147483647;
			files = (
			);
			runOnlyForDeploymentPostprocessing = 0;
		};
/* End PBXResourcesBuildPhase section */

/* Begin PBXSourcesBuildPhase section */
		454186D01EDD66F40067F244 /* Sources */ = {
			isa = PBXSourcesBuildPhase;
			buildActionMask = 2147483647;
			files = (
				454186DE1EDD66F40067F244 /* GameScene.swift in Sources */,
				454186E01EDD66F40067F244 /* GameViewController.swift in Sources */,
				454186D81EDD66F40067F244 /* AppDelegate.swift in Sources */,
				4541870C1EDD67310067F244 /* TitleScene.swift in Sources */,
			);
			runOnlyForDeploymentPostprocessing = 0;
		};
		454186EA1EDD66F40067F244 /* Sources */ = {
			isa = PBXSourcesBuildPhase;
			buildActionMask = 2147483647;
			files = (
				454186F31EDD66F40067F244 /* mane_zombi_uteTests.swift in Sources */,
			);
			runOnlyForDeploymentPostprocessing = 0;
		};
		454186F51EDD66F40067F244 /* Sources */ = {
			isa = PBXSourcesBuildPhase;
			buildActionMask = 2147483647;
			files = (
				454186FE1EDD66F50067F244 /* mane_zombi_uteUITests.swift in Sources */,
			);
			runOnlyForDeploymentPostprocessing = 0;
		};
/* End PBXSourcesBuildPhase section */

/* Begin PBXTargetDependency section */
		454186F01EDD66F40067F244 /* PBXTargetDependency */ = {
			isa = PBXTargetDependency;
			target = 454186D31EDD66F40067F244 /* mane_zombi_ute */;
			targetProxy = 454186EF1EDD66F40067F244 /* PBXContainerItemProxy */;
		};
		454186FB1EDD66F40067F244 /* PBXTargetDependency */ = {
			isa = PBXTargetDependency;
			target = 454186D31EDD66F40067F244 /* mane_zombi_ute */;
			targetProxy = 454186FA1EDD66F40067F244 /* PBXContainerItemProxy */;
		};
/* End PBXTargetDependency section */

/* Begin PBXVariantGroup section */
		454186E11EDD66F40067F244 /* Main.storyboard */ = {
			isa = PBXVariantGroup;
			children = (
				454186E21EDD66F40067F244 /* Base */,
			);
			name = Main.storyboard;
			sourceTree = "<group>";
		};
		454186E61EDD66F40067F244 /* LaunchScreen.storyboard */ = {
			isa = PBXVariantGroup;
			children = (
				454186E71EDD66F40067F244 /* Base */,
			);
			name = LaunchScreen.storyboard;
			sourceTree = "<group>";
		};
/* End PBXVariantGroup section */

/* Begin XCBuildConfiguration section */
		454187001EDD66F50067F244 /* Debug */ = {
			isa = XCBuildConfiguration;
			buildSettings = {
				ALWAYS_SEARCH_USER_PATHS = NO;
				CLANG_ANALYZER_NONNULL = YES;
				CLANG_ANALYZER_NUMBER_OBJECT_CONVERSION = YES_AGGRESSIVE;
				CLANG_CXX_LANGUAGE_STANDARD = "gnu++0x";
				CLANG_CXX_LIBRARY = "libc++";
				CLANG_ENABLE_MODULES = YES;
				CLANG_ENABLE_OBJC_ARC = YES;
				CLANG_WARN_BOOL_CONVERSION = YES;
				CLANG_WARN_CONSTANT_CONVERSION = YES;
				CLANG_WARN_DIRECT_OBJC_ISA_USAGE = YES_ERROR;
				CLANG_WARN_DOCUMENTATION_COMMENTS = YES;
				CLANG_WARN_EMPTY_BODY = YES;
				CLANG_WARN_ENUM_CONVERSION = YES;
				CLANG_WARN_INFINITE_RECURSION = YES;
				CLANG_WARN_INT_CONVERSION = YES;
				CLANG_WARN_OBJC_ROOT_CLASS = YES_ERROR;
				CLANG_WARN_SUSPICIOUS_MOVE = YES;
				CLANG_WARN_UNREACHABLE_CODE = YES;
				CLANG_WARN__DUPLICATE_METHOD_MATCH = YES;
				"CODE_SIGN_IDENTITY[sdk=iphoneos*]" = "iPhone Developer";
				COPY_PHASE_STRIP = NO;
				DEBUG_INFORMATION_FORMAT = dwarf;
				ENABLE_STRICT_OBJC_MSGSEND = YES;
				ENABLE_TESTABILITY = YES;
				GCC_C_LANGUAGE_STANDARD = gnu99;
				GCC_DYNAMIC_NO_PIC = NO;
				GCC_NO_COMMON_BLOCKS = YES;
				GCC_OPTIMIZATION_LEVEL = 0;
				GCC_PREPROCESSOR_DEFINITIONS = (
					"DEBUG=1",
					"$(inherited)",
				);
				GCC_WARN_64_TO_32_BIT_CONVERSION = YES;
				GCC_WARN_ABOUT_RETURN_TYPE = YES_ERROR;
				GCC_WARN_UNDECLARED_SELECTOR = YES;
				GCC_WARN_UNINITIALIZED_AUTOS = YES_AGGRESSIVE;
				GCC_WARN_UNUSED_FUNCTION = YES;
				GCC_WARN_UNUSED_VARIABLE = YES;
				IPHONEOS_DEPLOYMENT_TARGET = 10.3;
				MTL_ENABLE_DEBUG_INFO = YES;
				ONLY_ACTIVE_ARCH = YES;
				SDKROOT = iphoneos;
				SWIFT_ACTIVE_COMPILATION_CONDITIONS = DEBUG;
				SWIFT_OPTIMIZATION_LEVEL = "-Onone";
			};
			name = Debug;
		};
		454187011EDD66F50067F244 /* Release */ = {
			isa = XCBuildConfiguration;
			buildSettings = {
				ALWAYS_SEARCH_USER_PATHS = NO;
				CLANG_ANALYZER_NONNULL = YES;
				CLANG_ANALYZER_NUMBER_OBJECT_CONVERSION = YES_AGGRESSIVE;
				CLANG_CXX_LANGUAGE_STANDARD = "gnu++0x";
				CLANG_CXX_LIBRARY = "libc++";
				CLANG_ENABLE_MODULES = YES;
				CLANG_ENABLE_OBJC_ARC = YES;
				CLANG_WARN_BOOL_CONVERSION = YES;
				CLANG_WARN_CONSTANT_CONVERSION = YES;
				CLANG_WARN_DIRECT_OBJC_ISA_USAGE = YES_ERROR;
				CLANG_WARN_DOCUMENTATION_COMMENTS = YES;
				CLANG_WARN_EMPTY_BODY = YES;
				CLANG_WARN_ENUM_CONVERSION = YES;
				CLANG_WARN_INFINITE_RECURSION = YES;
				CLANG_WARN_INT_CONVERSION = YES;
				CLANG_WARN_OBJC_ROOT_CLASS = YES_ERROR;
				CLANG_WARN_SUSPICIOUS_MOVE = YES;
				CLANG_WARN_UNREACHABLE_CODE = YES;
				CLANG_WARN__DUPLICATE_METHOD_MATCH = YES;
				"CODE_SIGN_IDENTITY[sdk=iphoneos*]" = "iPhone Developer";
				COPY_PHASE_STRIP = NO;
				DEBUG_INFORMATION_FORMAT = "dwarf-with-dsym";
				ENABLE_NS_ASSERTIONS = NO;
				ENABLE_STRICT_OBJC_MSGSEND = YES;
				GCC_C_LANGUAGE_STANDARD = gnu99;
				GCC_NO_COMMON_BLOCKS = YES;
				GCC_WARN_64_TO_32_BIT_CONVERSION = YES;
				GCC_WARN_ABOUT_RETURN_TYPE = YES_ERROR;
				GCC_WARN_UNDECLARED_SELECTOR = YES;
				GCC_WARN_UNINITIALIZED_AUTOS = YES_AGGRESSIVE;
				GCC_WARN_UNUSED_FUNCTION = YES;
				GCC_WARN_UNUSED_VARIABLE = YES;
				IPHONEOS_DEPLOYMENT_TARGET = 10.3;
				MTL_ENABLE_DEBUG_INFO = NO;
				SDKROOT = iphoneos;
				SWIFT_OPTIMIZATION_LEVEL = "-Owholemodule";
				VALIDATE_PRODUCT = YES;
			};
			name = Release;
		};
		454187031EDD66F50067F244 /* Debug */ = {
			isa = XCBuildConfiguration;
			buildSettings = {
				ASSETCATALOG_COMPILER_APPICON_NAME = AppIcon;
				DEVELOPMENT_TEAM = XFDHD83S56;
				INFOPLIST_FILE = mane_zombi_ute/Info.plist;
				LD_RUNPATH_SEARCH_PATHS = "$(inherited) @executable_path/Frameworks";
				PRODUCT_BUNDLE_IDENTIFIER = "com.sunshinelifelab.mane-zombi-ute";
				PRODUCT_NAME = "$(TARGET_NAME)";
				SWIFT_VERSION = 3.0;
			};
			name = Debug;
		};
		454187041EDD66F50067F244 /* Release */ = {
			isa = XCBuildConfiguration;
			buildSettings = {
				ASSETCATALOG_COMPILER_APPICON_NAME = AppIcon;
				DEVELOPMENT_TEAM = XFDHD83S56;
				INFOPLIST_FILE = mane_zombi_ute/Info.plist;
				LD_RUNPATH_SEARCH_PATHS = "$(inherited) @executable_path/Frameworks";
				PRODUCT_BUNDLE_IDENTIFIER = "com.sunshinelifelab.mane-zombi-ute";
				PRODUCT_NAME = "$(TARGET_NAME)";
				SWIFT_VERSION = 3.0;
			};
			name = Release;
		};
		454187061EDD66F50067F244 /* Debug */ = {
			isa = XCBuildConfiguration;
			buildSettings = {
				ALWAYS_EMBED_SWIFT_STANDARD_LIBRARIES = YES;
				BUNDLE_LOADER = "$(TEST_HOST)";
				DEVELOPMENT_TEAM = XFDHD83S56;
				INFOPLIST_FILE = mane_zombi_uteTests/Info.plist;
				LD_RUNPATH_SEARCH_PATHS = "$(inherited) @executable_path/Frameworks @loader_path/Frameworks";
				PRODUCT_BUNDLE_IDENTIFIER = "com.sunshinelifelab.mane-zombi-uteTests";
				PRODUCT_NAME = "$(TARGET_NAME)";
				SWIFT_VERSION = 3.0;
				TEST_HOST = "$(BUILT_PRODUCTS_DIR)/mane_zombi_ute.app/mane_zombi_ute";
			};
			name = Debug;
		};
		454187071EDD66F50067F244 /* Release */ = {
			isa = XCBuildConfiguration;
			buildSettings = {
				ALWAYS_EMBED_SWIFT_STANDARD_LIBRARIES = YES;
				BUNDLE_LOADER = "$(TEST_HOST)";
				DEVELOPMENT_TEAM = XFDHD83S56;
				INFOPLIST_FILE = mane_zombi_uteTests/Info.plist;
				LD_RUNPATH_SEARCH_PATHS = "$(inherited) @executable_path/Frameworks @loader_path/Frameworks";
				PRODUCT_BUNDLE_IDENTIFIER = "com.sunshinelifelab.mane-zombi-uteTests";
				PRODUCT_NAME = "$(TARGET_NAME)";
				SWIFT_VERSION = 3.0;
				TEST_HOST = "$(BUILT_PRODUCTS_DIR)/mane_zombi_ute.app/mane_zombi_ute";
			};
			name = Release;
		};
		454187091EDD66F50067F244 /* Debug */ = {
			isa = XCBuildConfiguration;
			buildSettings = {
				ALWAYS_EMBED_SWIFT_STANDARD_LIBRARIES = YES;
				DEVELOPMENT_TEAM = XFDHD83S56;
				INFOPLIST_FILE = mane_zombi_uteUITests/Info.plist;
				LD_RUNPATH_SEARCH_PATHS = "$(inherited) @executable_path/Frameworks @loader_path/Frameworks";
				PRODUCT_BUNDLE_IDENTIFIER = "com.sunshinelifelab.mane-zombi-uteUITests";
				PRODUCT_NAME = "$(TARGET_NAME)";
				SWIFT_VERSION = 3.0;
				TEST_TARGET_NAME = mane_zombi_ute;
			};
			name = Debug;
		};
		4541870A1EDD66F50067F244 /* Release */ = {
			isa = XCBuildConfiguration;
			buildSettings = {
				ALWAYS_EMBED_SWIFT_STANDARD_LIBRARIES = YES;
				DEVELOPMENT_TEAM = XFDHD83S56;
				INFOPLIST_FILE = mane_zombi_uteUITests/Info.plist;
				LD_RUNPATH_SEARCH_PATHS = "$(inherited) @executable_path/Frameworks @loader_path/Frameworks";
				PRODUCT_BUNDLE_IDENTIFIER = "com.sunshinelifelab.mane-zombi-uteUITests";
				PRODUCT_NAME = "$(TARGET_NAME)";
				SWIFT_VERSION = 3.0;
				TEST_TARGET_NAME = mane_zombi_ute;
			};
			name = Release;
		};
/* End XCBuildConfiguration section */

/* Begin XCConfigurationList section */
		454186CF1EDD66F40067F244 /* Build configuration list for PBXProject "mane_zombi_ute" */ = {
			isa = XCConfigurationList;
			buildConfigurations = (
				454187001EDD66F50067F244 /* Debug */,
				454187011EDD66F50067F244 /* Release */,
			);
			defaultConfigurationIsVisible = 0;
			defaultConfigurationName = Release;
		};
		454187021EDD66F50067F244 /* Build configuration list for PBXNativeTarget "mane_zombi_ute" */ = {
			isa = XCConfigurationList;
			buildConfigurations = (
				454187031EDD66F50067F244 /* Debug */,
				454187041EDD66F50067F244 /* Release */,
			);
			defaultConfigurationIsVisible = 0;
		};
		454187051EDD66F50067F244 /* Build configuration list for PBXNativeTarget "mane_zombi_uteTests" */ = {
			isa = XCConfigurationList;
			buildConfigurations = (
				454187061EDD66F50067F244 /* Debug */,
				454187071EDD66F50067F244 /* Release */,
			);
			defaultConfigurationIsVisible = 0;
		};
		454187081EDD66F50067F244 /* Build configuration list for PBXNativeTarget "mane_zombi_uteUITests" */ = {
			isa = XCConfigurationList;
			buildConfigurations = (
				454187091EDD66F50067F244 /* Debug */,
				4541870A1EDD66F50067F244 /* Release */,
			);
			defaultConfigurationIsVisible = 0;
		};
/* End XCConfigurationList section */
	};
	rootObject = 454186CC1EDD66F40067F244 /* Project object */;
}
